{
  "name": "eutelo",
  "lockfileVersion": 3,
  "requires": true,
  "packages": {
    "": {
      "name": "eutelo",
      "workspaces": [
        "packages/*"
      ],
      "devDependencies": {
        "typescript": "^5.9.3"
      },
      "engines": {
        "node": ">=18.0.0"
      }
    },
    "node_modules/@eutelo/cli": {
      "resolved": "packages/cli",
      "link": true
    },
    "node_modules/@eutelo/core": {
      "resolved": "packages/core",
      "link": true
    },
    "node_modules/@eutelo/distribution": {
      "resolved": "packages/distribution",
      "link": true
    },
    "node_modules/@eutelo/infrastructure": {
      "resolved": "packages/infrastructure",
      "link": true
    },
    "node_modules/commander": {
      "resolved": "packages/commander",
      "link": true
    },
    "node_modules/typescript": {
      "version": "5.9.3",
      "resolved": "https://registry.npmjs.org/typescript/-/typescript-5.9.3.tgz",
      "integrity": "sha512-jl1vZzPDinLr9eUt3J/t7V6FgNEw9QjvBPdysz9KfQDD41fQrC2Y4vKQdiaUpFT4bXlb1RHhLpp8wtm6M5TgSw==",
      "dev": true,
      "bin": {
        "tsc": "bin/tsc",
        "tsserver": "bin/tsserver"
      },
      "engines": {
        "node": ">=14.17"
      }
    },
    "packages/cli": {
      "name": "@eutelo/cli",
      "version": "0.1.0",
      "dependencies": {
        "@eutelo/core": "file:../core",
        "@eutelo/distribution": "file:../distribution",
        "@eutelo/infrastructure": "file:../infrastructure",
        "commander": "file:../commander"
      },
      "bin": {
        "eutelo": "bin/eutelo.js"
      },
      "engines": {
        "node": ">=18.0.0"
      }
    },
    "packages/commander": {
      "version": "0.0.1",
      "engines": {
        "node": ">=18.0.0"
      }
    },
    "packages/core": {
      "name": "@eutelo/core",
      "version": "0.1.0",
      "engines": {
        "node": ">=18.0.0"
      }
    },
    "packages/distribution": {
      "name": "@eutelo/distribution",
      "version": "0.1.0",
      "license": "MIT",
      "engines": {
        "node": ">=20.0.0"
      }
    },
    "packages/infrastructure": {
      "name": "@eutelo/infrastructure",
      "version": "0.1.0",
      "engines": {
        "node": ">=18.0.0"
      }
    }
  }
}
